// !$*UTF8*$!
{
	archiveVersion = 1;
	classes = {
	};
	objectVersion = 56;
	objects = {

/* Begin PBXBuildFile section */
		A4D510652C7EA1D300C96E90 /* MiRanflaApp.swift in Sources */ = {isa = PBXBuildFile; fileRef = A4D510642C7EA1D300C96E90 /* MiRanflaApp.swift */; };
		A4D510672C7EA1D300C96E90 /* ContentView.swift in Sources */ = {isa = PBXBuildFile; fileRef = A4D510662C7EA1D300C96E90 /* ContentView.swift */; };
		A4D510692C7EA1D500C96E90 /* Assets.xcassets in Resources */ = {isa = PBXBuildFile; fileRef = A4D510682C7EA1D500C96E90 /* Assets.xcassets */; };
		A4D5106C2C7EA1D500C96E90 /* Preview Assets.xcassets in Resources */ = {isa = PBXBuildFile; fileRef = A4D5106B2C7EA1D500C96E90 /* Preview Assets.xcassets */; };
		A4D510762C7EA1D500C96E90 /* MiRanflaTests.swift in Sources */ = {isa = PBXBuildFile; fileRef = A4D510752C7EA1D500C96E90 /* MiRanflaTests.swift */; };
		A4D510802C7EA1D500C96E90 /* MiRanflaUITests.swift in Sources */ = {isa = PBXBuildFile; fileRef = A4D5107F2C7EA1D500C96E90 /* MiRanflaUITests.swift */; };
		A4D510822C7EA1D500C96E90 /* MiRanflaUITestsLaunchTests.swift in Sources */ = {isa = PBXBuildFile; fileRef = A4D510812C7EA1D500C96E90 /* MiRanflaUITestsLaunchTests.swift */; };
/* End PBXBuildFile section */

/* Begin PBXContainerItemProxy section */
		A4D510722C7EA1D500C96E90 /* PBXContainerItemProxy */ = {
			isa = PBXContainerItemProxy;
			containerPortal = A4D510592C7EA1D300C96E90 /* Project object */;
			proxyType = 1;
			remoteGlobalIDString = A4D510602C7EA1D300C96E90;
			remoteInfo = MiRanfla;
		};
		A4D5107C2C7EA1D500C96E90 /* PBXContainerItemProxy */ = {
			isa = PBXContainerItemProxy;
			containerPortal = A4D510592C7EA1D300C96E90 /* Project object */;
			proxyType = 1;
			remoteGlobalIDString = A4D510602C7EA1D300C96E90;
			remoteInfo = MiRanfla;
		};
/* End PBXContainerItemProxy section */

/* Begin PBXFileReference section */
		A4D510612C7EA1D300C96E90 /* MiRanfla.app */ = {isa = PBXFileReference; explicitFileType = wrapper.application; includeInIndex = 0; path = MiRanfla.app; sourceTree = BUILT_PRODUCTS_DIR; };
		A4D510642C7EA1D300C96E90 /* MiRanflaApp.swift */ = {isa = PBXFileReference; lastKnownFileType = sourcecode.swift; path = MiRanflaApp.swift; sourceTree = "<group>"; };
		A4D510662C7EA1D300C96E90 /* ContentView.swift */ = {isa = PBXFileReference; lastKnownFileType = sourcecode.swift; path = ContentView.swift; sourceTree = "<group>"; };
		A4D510682C7EA1D500C96E90 /* Assets.xcassets */ = {isa = PBXFileReference; lastKnownFileType = folder.assetcatalog; path = Assets.xcassets; sourceTree = "<group>"; };
		A4D5106B2C7EA1D500C96E90 /* Preview Assets.xcassets */ = {isa = PBXFileReference; lastKnownFileType = folder.assetcatalog; path = "Preview Assets.xcassets"; sourceTree = "<group>"; };
		A4D510712C7EA1D500C96E90 /* MiRanflaTests.xctest */ = {isa = PBXFileReference; explicitFileType = wrapper.cfbundle; includeInIndex = 0; path = MiRanflaTests.xctest; sourceTree = BUILT_PRODUCTS_DIR; };
		A4D510752C7EA1D500C96E90 /* MiRanflaTests.swift */ = {isa = PBXFileReference; lastKnownFileType = sourcecode.swift; path = MiRanflaTests.swift; sourceTree = "<group>"; };
		A4D5107B2C7EA1D500C96E90 /* MiRanflaUITests.xctest */ = {isa = PBXFileReference; explicitFileType = wrapper.cfbundle; includeInIndex = 0; path = MiRanflaUITests.xctest; sourceTree = BUILT_PRODUCTS_DIR; };
		A4D5107F2C7EA1D500C96E90 /* MiRanflaUITests.swift */ = {isa = PBXFileReference; lastKnownFileType = sourcecode.swift; path = MiRanflaUITests.swift; sourceTree = "<group>"; };
		A4D510812C7EA1D500C96E90 /* MiRanflaUITestsLaunchTests.swift */ = {isa = PBXFileReference; lastKnownFileType = sourcecode.swift; path = MiRanflaUITestsLaunchTests.swift; sourceTree = "<group>"; };
/* End PBXFileReference section */

/* Begin PBXFrameworksBuildPhase section */
		A4D5105E2C7EA1D300C96E90 /* Frameworks */ = {
			isa = PBXFrameworksBuildPhase;
			buildActionMask = 2147483647;
			files = (
			);
			runOnlyForDeploymentPostprocessing = 0;
		};
		A4D5106E2C7EA1D500C96E90 /* Frameworks */ = {
			isa = PBXFrameworksBuildPhase;
			buildActionMask = 2147483647;
			files = (
			);
			runOnlyForDeploymentPostprocessing = 0;
		};
		A4D510782C7EA1D500C96E90 /* Frameworks */ = {
			isa = PBXFrameworksBuildPhase;
			buildActionMask = 2147483647;
			files = (
			);
			runOnlyForDeploymentPostprocessing = 0;
		};
/* End PBXFrameworksBuildPhase section */

/* Begin PBXGroup section */
		A4D510582C7EA1D300C96E90 = {
			isa = PBXGroup;
			children = (
				A4D510632C7EA1D300C96E90 /* MiRanfla */,
				A4D510742C7EA1D500C96E90 /* MiRanflaTests */,
				A4D5107E2C7EA1D500C96E90 /* MiRanflaUITests */,
				A4D510622C7EA1D300C96E90 /* Products */,
			);
			sourceTree = "<group>";
		};
		A4D510622C7EA1D300C96E90 /* Products */ = {
			isa = PBXGroup;
			children = (
				A4D510612C7EA1D300C96E90 /* MiRanfla.app */,
				A4D510712C7EA1D500C96E90 /* MiRanflaTests.xctest */,
				A4D5107B2C7EA1D500C96E90 /* MiRanflaUITests.xctest */,
			);
			name = Products;
			sourceTree = "<group>";
		};
		A4D510632C7EA1D300C96E90 /* MiRanfla */ = {
			isa = PBXGroup;
			children = (
				A4D510642C7EA1D300C96E90 /* MiRanflaApp.swift */,
				A4D510662C7EA1D300C96E90 /* ContentView.swift */,
				A4D510682C7EA1D500C96E90 /* Assets.xcassets */,
				A4D5106A2C7EA1D500C96E90 /* Preview Content */,
			);
			path = MiRanfla;
			sourceTree = "<group>";
		};
		A4D5106A2C7EA1D500C96E90 /* Preview Content */ = {
			isa = PBXGroup;
			children = (
				A4D5106B2C7EA1D500C96E90 /* Preview Assets.xcassets */,
			);
			path = "Preview Content";
			sourceTree = "<group>";
		};
		A4D510742C7EA1D500C96E90 /* MiRanflaTests */ = {
			isa = PBXGroup;
			children = (
				A4D510752C7EA1D500C96E90 /* MiRanflaTests.swift */,
			);
			path = MiRanflaTests;
			sourceTree = "<group>";
		};
		A4D5107E2C7EA1D500C96E90 /* MiRanflaUITests */ = {
			isa = PBXGroup;
			children = (
				A4D5107F2C7EA1D500C96E90 /* MiRanflaUITests.swift */,
				A4D510812C7EA1D500C96E90 /* MiRanflaUITestsLaunchTests.swift */,
			);
			path = MiRanflaUITests;
			sourceTree = "<group>";
		};
/* End PBXGroup section */

/* Begin PBXNativeTarget section */
		A4D510602C7EA1D300C96E90 /* MiRanfla */ = {
			isa = PBXNativeTarget;
			buildConfigurationList = A4D510852C7EA1D500C96E90 /* Build configuration list for PBXNativeTarget "MiRanfla" */;
			buildPhases = (
				A4D5105D2C7EA1D300C96E90 /* Sources */,
				A4D5105E2C7EA1D300C96E90 /* Frameworks */,
				A4D5105F2C7EA1D300C96E90 /* Resources */,
			);
			buildRules = (
			);
			dependencies = (
			);
			name = MiRanfla;
			productName = MiRanfla;
			productReference = A4D510612C7EA1D300C96E90 /* MiRanfla.app */;
			productType = "com.apple.product-type.application";
		};
		A4D510702C7EA1D500C96E90 /* MiRanflaTests */ = {
			isa = PBXNativeTarget;
			buildConfigurationList = A4D510882C7EA1D500C96E90 /* Build configuration list for PBXNativeTarget "MiRanflaTests" */;
			buildPhases = (
				A4D5106D2C7EA1D500C96E90 /* Sources */,
				A4D5106E2C7EA1D500C96E90 /* Frameworks */,
				A4D5106F2C7EA1D500C96E90 /* Resources */,
			);
			buildRules = (
			);
			dependencies = (
				A4D510732C7EA1D500C96E90 /* PBXTargetDependency */,
			);
			name = MiRanflaTests;
			productName = MiRanflaTests;
			productReference = A4D510712C7EA1D500C96E90 /* MiRanflaTests.xctest */;
			productType = "com.apple.product-type.bundle.unit-test";
		};
		A4D5107A2C7EA1D500C96E90 /* MiRanflaUITests */ = {
			isa = PBXNativeTarget;
			buildConfigurationList = A4D5108B2C7EA1D500C96E90 /* Build configuration list for PBXNativeTarget "MiRanflaUITests" */;
			buildPhases = (
				A4D510772C7EA1D500C96E90 /* Sources */,
				A4D510782C7EA1D500C96E90 /* Frameworks */,
				A4D510792C7EA1D500C96E90 /* Resources */,
			);
			buildRules = (
			);
			dependencies = (
				A4D5107D2C7EA1D500C96E90 /* PBXTargetDependency */,
			);
			name = MiRanflaUITests;
			productName = MiRanflaUITests;
			productReference = A4D5107B2C7EA1D500C96E90 /* MiRanflaUITests.xctest */;
			productType = "com.apple.product-type.bundle.ui-testing";
		};
/* End PBXNativeTarget section */

/* Begin PBXProject section */
		A4D510592C7EA1D300C96E90 /* Project object */ = {
			isa = PBXProject;
			attributes = {
				BuildIndependentTargetsInParallel = 1;
				LastSwiftUpdateCheck = 1540;
				LastUpgradeCheck = 1540;
				TargetAttributes = {
					A4D510602C7EA1D300C96E90 = {
						CreatedOnToolsVersion = 15.4;
					};
					A4D510702C7EA1D500C96E90 = {
						CreatedOnToolsVersion = 15.4;
						TestTargetID = A4D510602C7EA1D300C96E90;
					};
					A4D5107A2C7EA1D500C96E90 = {
						CreatedOnToolsVersion = 15.4;
						TestTargetID = A4D510602C7EA1D300C96E90;
					};
				};
			};
			buildConfigurationList = A4D5105C2C7EA1D300C96E90 /* Build configuration list for PBXProject "MiRanfla" */;
			compatibilityVersion = "Xcode 14.0";
			developmentRegion = en;
			hasScannedForEncodings = 0;
			knownRegions = (
				en,
				Base,
			);
			mainGroup = A4D510582C7EA1D300C96E90;
			productRefGroup = A4D510622C7EA1D300C96E90 /* Products */;
			projectDirPath = "";
			projectRoot = "";
			targets = (
				A4D510602C7EA1D300C96E90 /* MiRanfla */,
				A4D510702C7EA1D500C96E90 /* MiRanflaTests */,
				A4D5107A2C7EA1D500C96E90 /* MiRanflaUITests */,
			);
		};
/* End PBXProject section */

/* Begin PBXResourcesBuildPhase section */
		A4D5105F2C7EA1D300C96E90 /* Resources */ = {
			isa = PBXResourcesBuildPhase;
			buildActionMask = 2147483647;
			files = (
				A4D5106C2C7EA1D500C96E90 /* Preview Assets.xcassets in Resources */,
				A4D510692C7EA1D500C96E90 /* Assets.xcassets in Resources */,
			);
			runOnlyForDeploymentPostprocessing = 0;
		};
		A4D5106F2C7EA1D500C96E90 /* Resources */ = {
			isa = PBXResourcesBuildPhase;
			buildActionMask = 2147483647;
			files = (
			);
			runOnlyForDeploymentPostprocessing = 0;
		};
		A4D510792C7EA1D500C96E90 /* Resources */ = {
			isa = PBXResourcesBuildPhase;
			buildActionMask = 2147483647;
			files = (
			);
			runOnlyForDeploymentPostprocessing = 0;
		};
/* End PBXResourcesBuildPhase section */

/* Begin PBXSourcesBuildPhase section */
		A4D5105D2C7EA1D300C96E90 /* Sources */ = {
			isa = PBXSourcesBuildPhase;
			buildActionMask = 2147483647;
			files = (
				A4D510672C7EA1D300C96E90 /* ContentView.swift in Sources */,
				A4D510652C7EA1D300C96E90 /* MiRanflaApp.swift in Sources */,
			);
			runOnlyForDeploymentPostprocessing = 0;
		};
		A4D5106D2C7EA1D500C96E90 /* Sources */ = {
			isa = PBXSourcesBuildPhase;
			buildActionMask = 2147483647;
			files = (
				A4D510762C7EA1D500C96E90 /* MiRanflaTests.swift in Sources */,
			);
			runOnlyForDeploymentPostprocessing = 0;
		};
		A4D510772C7EA1D500C96E90 /* Sources */ = {
			isa = PBXSourcesBuildPhase;
			buildActionMask = 2147483647;
			files = (
				A4D510822C7EA1D500C96E90 /* MiRanflaUITestsLaunchTests.swift in Sources */,
				A4D510802C7EA1D500C96E90 /* MiRanflaUITests.swift in Sources */,
			);
			runOnlyForDeploymentPostprocessing = 0;
		};
/* End PBXSourcesBuildPhase section */

/* Begin PBXTargetDependency section */
		A4D510732C7EA1D500C96E90 /* PBXTargetDependency */ = {
			isa = PBXTargetDependency;
			target = A4D510602C7EA1D300C96E90 /* MiRanfla */;
			targetProxy = A4D510722C7EA1D500C96E90 /* PBXContainerItemProxy */;
		};
		A4D5107D2C7EA1D500C96E90 /* PBXTargetDependency */ = {
			isa = PBXTargetDependency;
			target = A4D510602C7EA1D300C96E90 /* MiRanfla */;
			targetProxy = A4D5107C2C7EA1D500C96E90 /* PBXContainerItemProxy */;
		};
/* End PBXTargetDependency section */

/* Begin XCBuildConfiguration section */
		A4D510832C7EA1D500C96E90 /* Debug */ = {
			isa = XCBuildConfiguration;
			buildSettings = {
				ALWAYS_SEARCH_USER_PATHS = NO;
				ASSETCATALOG_COMPILER_GENERATE_SWIFT_ASSET_SYMBOL_EXTENSIONS = YES;
				CLANG_ANALYZER_NONNULL = YES;
				CLANG_ANALYZER_NUMBER_OBJECT_CONVERSION = YES_AGGRESSIVE;
				CLANG_CXX_LANGUAGE_STANDARD = "gnu++20";
				CLANG_ENABLE_MODULES = YES;
				CLANG_ENABLE_OBJC_ARC = YES;
				CLANG_ENABLE_OBJC_WEAK = YES;
				CLANG_WARN_BLOCK_CAPTURE_AUTORELEASING = YES;
				CLANG_WARN_BOOL_CONVERSION = YES;
				CLANG_WARN_COMMA = YES;
				CLANG_WARN_CONSTANT_CONVERSION = YES;
				CLANG_WARN_DEPRECATED_OBJC_IMPLEMENTATIONS = YES;
				CLANG_WARN_DIRECT_OBJC_ISA_USAGE = YES_ERROR;
				CLANG_WARN_DOCUMENTATION_COMMENTS = YES;
				CLANG_WARN_EMPTY_BODY = YES;
				CLANG_WARN_ENUM_CONVERSION = YES;
				CLANG_WARN_INFINITE_RECURSION = YES;
				CLANG_WARN_INT_CONVERSION = YES;
				CLANG_WARN_NON_LITERAL_NULL_CONVERSION = YES;
				CLANG_WARN_OBJC_IMPLICIT_RETAIN_SELF = YES;
				CLANG_WARN_OBJC_LITERAL_CONVERSION = YES;
				CLANG_WARN_OBJC_ROOT_CLASS = YES_ERROR;
				CLANG_WARN_QUOTED_INCLUDE_IN_FRAMEWORK_HEADER = YES;
				CLANG_WARN_RANGE_LOOP_ANALYSIS = YES;
				CLANG_WARN_STRICT_PROTOTYPES = YES;
				CLANG_WARN_SUSPICIOUS_MOVE = YES;
				CLANG_WARN_UNGUARDED_AVAILABILITY = YES_AGGRESSIVE;
				CLANG_WARN_UNREACHABLE_CODE = YES;
				CLANG_WARN__DUPLICATE_METHOD_MATCH = YES;
				COPY_PHASE_STRIP = NO;
				DEBUG_INFORMATION_FORMAT = dwarf;
				ENABLE_STRICT_OBJC_MSGSEND = YES;
				ENABLE_TESTABILITY = YES;
				ENABLE_USER_SCRIPT_SANDBOXING = YES;
				GCC_C_LANGUAGE_STANDARD = gnu17;
				GCC_DYNAMIC_NO_PIC = NO;
				GCC_NO_COMMON_BLOCKS = YES;
				GCC_OPTIMIZATION_LEVEL = 0;
				GCC_PREPROCESSOR_DEFINITIONS = (
					"DEBUG=1",
					"$(inherited)",
				);
				GCC_WARN_64_TO_32_BIT_CONVERSION = YES;
				GCC_WARN_ABOUT_RETURN_TYPE = YES_ERROR;
				GCC_WARN_UNDECLARED_SELECTOR = YES;
				GCC_WARN_UNINITIALIZED_AUTOS = YES_AGGRESSIVE;
				GCC_WARN_UNUSED_FUNCTION = YES;
				GCC_WARN_UNUSED_VARIABLE = YES;
				IPHONEOS_DEPLOYMENT_TARGET = 17.5;
				LOCALIZATION_PREFERS_STRING_CATALOGS = YES;
				MTL_ENABLE_DEBUG_INFO = INCLUDE_SOURCE;
				MTL_FAST_MATH = YES;
				ONLY_ACTIVE_ARCH = YES;
				SDKROOT = iphoneos;
				SWIFT_ACTIVE_COMPILATION_CONDITIONS = "DEBUG $(inherited)";
				SWIFT_OPTIMIZATION_LEVEL = "-Onone";
			};
			name = Debug;
		};
		A4D510842C7EA1D500C96E90 /* Release */ = {
			isa = XCBuildConfiguration;
			buildSettings = {
				ALWAYS_SEARCH_USER_PATHS = NO;
				ASSETCATALOG_COMPILER_GENERATE_SWIFT_ASSET_SYMBOL_EXTENSIONS = YES;
				CLANG_ANALYZER_NONNULL = YES;
				CLANG_ANALYZER_NUMBER_OBJECT_CONVERSION = YES_AGGRESSIVE;
				CLANG_CXX_LANGUAGE_STANDARD = "gnu++20";
				CLANG_ENABLE_MODULES = YES;
				CLANG_ENABLE_OBJC_ARC = YES;
				CLANG_ENABLE_OBJC_WEAK = YES;
				CLANG_WARN_BLOCK_CAPTURE_AUTORELEASING = YES;
				CLANG_WARN_BOOL_CONVERSION = YES;
				CLANG_WARN_COMMA = YES;
				CLANG_WARN_CONSTANT_CONVERSION = YES;
				CLANG_WARN_DEPRECATED_OBJC_IMPLEMENTATIONS = YES;
				CLANG_WARN_DIRECT_OBJC_ISA_USAGE = YES_ERROR;
				CLANG_WARN_DOCUMENTATION_COMMENTS = YES;
				CLANG_WARN_EMPTY_BODY = YES;
				CLANG_WARN_ENUM_CONVERSION = YES;
				CLANG_WARN_INFINITE_RECURSION = YES;
				CLANG_WARN_INT_CONVERSION = YES;
				CLANG_WARN_NON_LITERAL_NULL_CONVERSION = YES;
				CLANG_WARN_OBJC_IMPLICIT_RETAIN_SELF = YES;
				CLANG_WARN_OBJC_LITERAL_CONVERSION = YES;
				CLANG_WARN_OBJC_ROOT_CLASS = YES_ERROR;
				CLANG_WARN_QUOTED_INCLUDE_IN_FRAMEWORK_HEADER = YES;
				CLANG_WARN_RANGE_LOOP_ANALYSIS = YES;
				CLANG_WARN_STRICT_PROTOTYPES = YES;
				CLANG_WARN_SUSPICIOUS_MOVE = YES;
				CLANG_WARN_UNGUARDED_AVAILABILITY = YES_AGGRESSIVE;
				CLANG_WARN_UNREACHABLE_CODE = YES;
				CLANG_WARN__DUPLICATE_METHOD_MATCH = YES;
				COPY_PHASE_STRIP = NO;
				DEBUG_INFORMATION_FORMAT = "dwarf-with-dsym";
				ENABLE_NS_ASSERTIONS = NO;
				ENABLE_STRICT_OBJC_MSGSEND = YES;
				ENABLE_USER_SCRIPT_SANDBOXING = YES;
				GCC_C_LANGUAGE_STANDARD = gnu17;
				GCC_NO_COMMON_BLOCKS = YES;
				GCC_WARN_64_TO_32_BIT_CONVERSION = YES;
				GCC_WARN_ABOUT_RETURN_TYPE = YES_ERROR;
				GCC_WARN_UNDECLARED_SELECTOR = YES;
				GCC_WARN_UNINITIALIZED_AUTOS = YES_AGGRESSIVE;
				GCC_WARN_UNUSED_FUNCTION = YES;
				GCC_WARN_UNUSED_VARIABLE = YES;
				IPHONEOS_DEPLOYMENT_TARGET = 17.5;
				LOCALIZATION_PREFERS_STRING_CATALOGS = YES;
				MTL_ENABLE_DEBUG_INFO = NO;
				MTL_FAST_MATH = YES;
				SDKROOT = iphoneos;
				SWIFT_COMPILATION_MODE = wholemodule;
				VALIDATE_PRODUCT = YES;
			};
			name = Release;
		};
		A4D510862C7EA1D500C96E90 /* Debug */ = {
			isa = XCBuildConfiguration;
			buildSettings = {
				ASSETCATALOG_COMPILER_APPICON_NAME = AppIcon;
				ASSETCATALOG_COMPILER_GLOBAL_ACCENT_COLOR_NAME = AccentColor;
				CODE_SIGN_STYLE = Automatic;
				CURRENT_PROJECT_VERSION = 1;
				DEVELOPMENT_ASSET_PATHS = "\"MiRanfla/Preview Content\"";
				DEVELOPMENT_TEAM = 5P4JJDT7CR;
				ENABLE_PREVIEWS = YES;
				GENERATE_INFOPLIST_FILE = YES;
				INFOPLIST_KEY_UIApplicationSceneManifest_Generation = YES;
				INFOPLIST_KEY_UIApplicationSupportsIndirectInputEvents = YES;
				INFOPLIST_KEY_UILaunchScreen_Generation = YES;
				INFOPLIST_KEY_UISupportedInterfaceOrientations_iPad = "UIInterfaceOrientationPortrait UIInterfaceOrientationPortraitUpsideDown UIInterfaceOrientationLandscapeLeft UIInterfaceOrientationLandscapeRight";
				INFOPLIST_KEY_UISupportedInterfaceOrientations_iPhone = "UIInterfaceOrientationPortrait UIInterfaceOrientationLandscapeLeft UIInterfaceOrientationLandscapeRight";
				LD_RUNPATH_SEARCH_PATHS = (
					"$(inherited)",
					"@executable_path/Frameworks",
				);
				MARKETING_VERSION = 1.0;
				PRODUCT_BUNDLE_IDENTIFIER = com.urielh.MiRanfla;
				PRODUCT_NAME = "$(TARGET_NAME)";
				SWIFT_EMIT_LOC_STRINGS = YES;
				SWIFT_VERSION = 5.0;
				TARGETED_DEVICE_FAMILY = "1,2";
			};
			name = Debug;
		};
		A4D510872C7EA1D500C96E90 /* Release */ = {
			isa = XCBuildConfiguration;
			buildSettings = {
				ASSETCATALOG_COMPILER_APPICON_NAME = AppIcon;
				ASSETCATALOG_COMPILER_GLOBAL_ACCENT_COLOR_NAME = AccentColor;
				CODE_SIGN_STYLE = Automatic;
				CURRENT_PROJECT_VERSION = 1;
				DEVELOPMENT_ASSET_PATHS = "\"MiRanfla/Preview Content\"";
				DEVELOPMENT_TEAM = 5P4JJDT7CR;
				ENABLE_PREVIEWS = YES;
				GENERATE_INFOPLIST_FILE = YES;
				INFOPLIST_KEY_UIApplicationSceneManifest_Generation = YES;
				INFOPLIST_KEY_UIApplicationSupportsIndirectInputEvents = YES;
				INFOPLIST_KEY_UILaunchScreen_Generation = YES;
				INFOPLIST_KEY_UISupportedInterfaceOrientations_iPad = "UIInterfaceOrientationPortrait UIInterfaceOrientationPortraitUpsideDown UIInterfaceOrientationLandscapeLeft UIInterfaceOrientationLandscapeRight";
				INFOPLIST_KEY_UISupportedInterfaceOrientations_iPhone = "UIInterfaceOrientationPortrait UIInterfaceOrientationLandscapeLeft UIInterfaceOrientationLandscapeRight";
				LD_RUNPATH_SEARCH_PATHS = (
					"$(inherited)",
					"@executable_path/Frameworks",
				);
				MARKETING_VERSION = 1.0;
				PRODUCT_BUNDLE_IDENTIFIER = com.urielh.MiRanfla;
				PRODUCT_NAME = "$(TARGET_NAME)";
				SWIFT_EMIT_LOC_STRINGS = YES;
				SWIFT_VERSION = 5.0;
				TARGETED_DEVICE_FAMILY = "1,2";
			};
			name = Release;
		};
		A4D510892C7EA1D500C96E90 /* Debug */ = {
			isa = XCBuildConfiguration;
			buildSettings = {
				ALWAYS_EMBED_SWIFT_STANDARD_LIBRARIES = YES;
				BUNDLE_LOADER = "$(TEST_HOST)";
				CODE_SIGN_STYLE = Automatic;
				CURRENT_PROJECT_VERSION = 1;
				DEVELOPMENT_TEAM = 5P4JJDT7CR;
				GENERATE_INFOPLIST_FILE = YES;
				IPHONEOS_DEPLOYMENT_TARGET = 17.5;
				MARKETING_VERSION = 1.0;
				PRODUCT_BUNDLE_IDENTIFIER = com.urielh.MiRanflaTests;
				PRODUCT_NAME = "$(TARGET_NAME)";
				SWIFT_EMIT_LOC_STRINGS = NO;
				SWIFT_VERSION = 5.0;
				TARGETED_DEVICE_FAMILY = "1,2";
				TEST_HOST = "$(BUILT_PRODUCTS_DIR)/MiRanfla.app/$(BUNDLE_EXECUTABLE_FOLDER_PATH)/MiRanfla";
			};
			name = Debug;
		};
		A4D5108A2C7EA1D500C96E90 /* Release */ = {
			isa = XCBuildConfiguration;
			buildSettings = {
				ALWAYS_EMBED_SWIFT_STANDARD_LIBRARIES = YES;
				BUNDLE_LOADER = "$(TEST_HOST)";
				CODE_SIGN_STYLE = Automatic;
				CURRENT_PROJECT_VERSION = 1;
				DEVELOPMENT_TEAM = 5P4JJDT7CR;
				GENERATE_INFOPLIST_FILE = YES;
				IPHONEOS_DEPLOYMENT_TARGET = 17.5;
				MARKETING_VERSION = 1.0;
				PRODUCT_BUNDLE_IDENTIFIER = com.urielh.MiRanflaTests;
				PRODUCT_NAME = "$(TARGET_NAME)";
				SWIFT_EMIT_LOC_STRINGS = NO;
				SWIFT_VERSION = 5.0;
				TARGETED_DEVICE_FAMILY = "1,2";
				TEST_HOST = "$(BUILT_PRODUCTS_DIR)/MiRanfla.app/$(BUNDLE_EXECUTABLE_FOLDER_PATH)/MiRanfla";
			};
			name = Release;
		};
		A4D5108C2C7EA1D500C96E90 /* Debug */ = {
			isa = XCBuildConfiguration;
			buildSettings = {
				ALWAYS_EMBED_SWIFT_STANDARD_LIBRARIES = YES;
				CODE_SIGN_STYLE = Automatic;
				CURRENT_PROJECT_VERSION = 1;
				DEVELOPMENT_TEAM = 5P4JJDT7CR;
				GENERATE_INFOPLIST_FILE = YES;
				MARKETING_VERSION = 1.0;
				PRODUCT_BUNDLE_IDENTIFIER = com.urielh.MiRanflaUITests;
				PRODUCT_NAME = "$(TARGET_NAME)";
				SWIFT_EMIT_LOC_STRINGS = NO;
				SWIFT_VERSION = 5.0;
				TARGETED_DEVICE_FAMILY = "1,2";
				TEST_TARGET_NAME = MiRanfla;
			};
			name = Debug;
		};
		A4D5108D2C7EA1D500C96E90 /* Release */ = {
			isa = XCBuildConfiguration;
			buildSettings = {
				ALWAYS_EMBED_SWIFT_STANDARD_LIBRARIES = YES;
				CODE_SIGN_STYLE = Automatic;
				CURRENT_PROJECT_VERSION = 1;
				DEVELOPMENT_TEAM = 5P4JJDT7CR;
				GENERATE_INFOPLIST_FILE = YES;
				MARKETING_VERSION = 1.0;
				PRODUCT_BUNDLE_IDENTIFIER = com.urielh.MiRanflaUITests;
				PRODUCT_NAME = "$(TARGET_NAME)";
				SWIFT_EMIT_LOC_STRINGS = NO;
				SWIFT_VERSION = 5.0;
				TARGETED_DEVICE_FAMILY = "1,2";
				TEST_TARGET_NAME = MiRanfla;
			};
			name = Release;
		};
/* End XCBuildConfiguration section */

/* Begin XCConfigurationList section */
		A4D5105C2C7EA1D300C96E90 /* Build configuration list for PBXProject "MiRanfla" */ = {
			isa = XCConfigurationList;
			buildConfigurations = (
				A4D510832C7EA1D500C96E90 /* Debug */,
				A4D510842C7EA1D500C96E90 /* Release */,
			);
			defaultConfigurationIsVisible = 0;
			defaultConfigurationName = Release;
		};
		A4D510852C7EA1D500C96E90 /* Build configuration list for PBXNativeTarget "MiRanfla" */ = {
			isa = XCConfigurationList;
			buildConfigurations = (
				A4D510862C7EA1D500C96E90 /* Debug */,
				A4D510872C7EA1D500C96E90 /* Release */,
			);
			defaultConfigurationIsVisible = 0;
			defaultConfigurationName = Release;
		};
		A4D510882C7EA1D500C96E90 /* Build configuration list for PBXNativeTarget "MiRanflaTests" */ = {
			isa = XCConfigurationList;
			buildConfigurations = (
				A4D510892C7EA1D500C96E90 /* Debug */,
				A4D5108A2C7EA1D500C96E90 /* Release */,
			);
			defaultConfigurationIsVisible = 0;
			defaultConfigurationName = Release;
		};
		A4D5108B2C7EA1D500C96E90 /* Build configuration list for PBXNativeTarget "MiRanflaUITests" */ = {
			isa = XCConfigurationList;
			buildConfigurations = (
				A4D5108C2C7EA1D500C96E90 /* Debug */,
				A4D5108D2C7EA1D500C96E90 /* Release */,
			);
			defaultConfigurationIsVisible = 0;
			defaultConfigurationName = Release;
		};
/* End XCConfigurationList section */
	};
	rootObject = A4D510592C7EA1D300C96E90 /* Project object */;
}
